# This file is autogenerated, do not edit; changes may be undone by the next 'dep ensure'.


[[projects]]
  name = "github.com/asaskevich/govalidator"
  packages = ["."]
  revision = "521b25f4b05fd26bec69d9dedeb8f9c9a83939a8"
  version = "v8"

[[projects]]
  name = "github.com/dgrijalva/jwt-go"
  packages = ["."]
  revision = "dbeaa9332f19a944acb5736b4456cfcc02140e29"
  version = "v3.1.0"

[[projects]]
  name = "github.com/go-chi/chi"
  packages = [".","middleware"]
  revision = "687d2792aedd8e8ac3bbd8592cf55b91d7ea8ce9"
  version = "v3.3.1"

[[projects]]
  name = "github.com/go-chi/jwtauth"
  packages = ["."]
  revision = "47cdb657f2fe02f5fa86877faf680e177d9aa39a"
  version = "v3.1.3"

[[projects]]
  name = "github.com/go-chi/render"
  packages = ["."]
  revision = "9f855fadd4b8cde7773f9ef51f6b2705af239519"
  version = "v1.0.0"

[[projects]]
  name = "github.com/jinzhu/gorm"
  packages = [".","dialects/postgres"]
  revision = "5174cc5c242a728b435ea2be8a2f7f998e15429b"
  version = "v1.0"

[[projects]]
  branch = "master"
  name = "github.com/jinzhu/inflection"
  packages = ["."]
  revision = "1c35d901db3da928c72a72d8458480cc9ade058f"

[[projects]]
  branch = "master"
  name = "github.com/lib/pq"
  packages = [".","hstore","oid"]
  revision = "83612a56d3dd153a94a629cd64925371c9adad78"

[[projects]]
  name = "github.com/pressly/lg"
  packages = ["."]
  revision = "e1454b97cc475e5c2dfe60af20d8243fdabb13a3"
  version = "v1.0.0"

[[projects]]
  branch = "master"
  name = "github.com/qor/validations"
  packages = ["."]
  revision = "404d5a9c34adc6f6a3a7b6c82faa15337e1fdd00"

[[projects]]
  name = "github.com/sirupsen/logrus"
  packages = ["."]
  revision = "d682213848ed68c0a260ca37d6dd5ace8423f5ba"
  version = "v1.0.4"

[[projects]]
  branch = "master"
  name = "golang.org/x/crypto"
  packages = ["bcrypt","blowfish","ssh/terminal"]
  revision = "94eea52f7b742c7cbe0b03b22f0c4c8631ece122"

[[projects]]
  branch = "master"
  name = "golang.org/x/sys"
  packages = ["unix","windows"]
  revision = "d5840adf789d732bc8b00f37b26ca956a7cc8e79"

[[projects]]
  name = "gopkg.in/gormigrate.v1"
  packages = ["."]
  revision = "21b0b93e8253d575d9185974835423f98d30158d"
  version = "v1.2.0"

[solve-meta]
  analyzer-name = "dep"
  analyzer-version = 1
  inputs-digest = "be2dccfc5db5e1696146c978092f0b94dbf1f1f1f742352d6e748c58735eb989"
  solver-name = "gps-cdcl"
  solver-version = 1
